
Microsoft Visual Studio Solution File, Format Version 12.00
# Visual Studio Version 17
VisualStudioVersion = 17.4.33213.308
MinimumVisualStudioVersion = 10.0.40219.1
Project("{9A19103F-16F7-4668-BE54-9A1E7A4F7556}") = "Net.UI", "NetUI\Net.UI.csproj", "{9824D875-8502-49DA-9216-1B0C3FBDAA75}"
EndProject
Project("{9A19103F-16F7-4668-BE54-9A1E7A4F7556}") = "NetUI.Sandbox", "NetUI.Sandbox\NetUI.Sandbox.csproj", "{7EC2433E-786D-4D04-9763-CA0BCC87098E}"
EndProject
Project("{9A19103F-16F7-4668-BE54-9A1E7A4F7556}") = "Net.Essentials", "Net.Essentials\Net.Essentials.csproj", "{885B9A77-FB39-4E72-8B1C-16EB05485D99}"
EndProject
Project("{9A19103F-16F7-4668-BE54-9A1E7A4F7556}") = "Net.Essentials.Realm", "Net.Essentials.Realm\Net.Essentials.Realm.csproj", "{3A876BBB-6483-4D41-A387-2989D9D06237}"
EndProject
Project("{9A19103F-16F7-4668-BE54-9A1E7A4F7556}") = "Net.Essentials.Api", "Net.Essentials.Api\Net.Essentials.Api.csproj", "{ED856060-F642-438A-8198-92B898F73645}"
EndProject
Project("{9A19103F-16F7-4668-BE54-9A1E7A4F7556}") = "Net.UI.Avalonia", "Net.UI.Avalonia\Net.UI.Avalonia.csproj", "{09FC1B0E-1889-4827-9B88-0BF756438D65}"
EndProject
Project("{FAE04EC0-301F-11D3-BF4B-00C04F79EFBC}") = "Net.UI.Templates", "Net.UI.Templates\Net.UI.Templates.csproj", "{BDBD07E7-23C2-4F5B-B141-DC36B3718956}"
EndProject
Project("{9A19103F-16F7-4668-BE54-9A1E7A4F7556}") = "Net.UI.Xamarin.Standard", "Net.UI.Xamarin\Net.UI.Xamarin.Standard.csproj", "{AA6DA574-1B23-4EFB-A0FC-76E80DAFDCE6}"
EndProject
Project("{2150E333-8FDC-42A3-9474-1A3956D46DE8}") = "Essentials", "Essentials", "{B3368CE7-2172-4399-85F9-678DFCE622C8}"
EndProject
Project("{2150E333-8FDC-42A3-9474-1A3956D46DE8}") = "Templates", "Templates", "{E5F004A1-2D4D-4077-8281-8CD89712E1C7}"
EndProject
Project("{2150E333-8FDC-42A3-9474-1A3956D46DE8}") = "Xamarin", "Xamarin", "{864A221B-1C56-4318-B728-038D0B3F8767}"
EndProject
Project("{2150E333-8FDC-42A3-9474-1A3956D46DE8}") = "Etc", "Etc", "{C60F7CFB-BAC0-46B4-9AF1-C101B776A20F}"
EndProject
Project("{D954291E-2A0B-460D-934E-DC6B0785DB48}") = "Net.UI.Shared", "Net.UI.Shared\Net.UI.Shared.shproj", "{709C7923-BEF9-4F09-A555-520EFA000414}"
EndProject
Project("{FAE04EC0-301F-11D3-BF4B-00C04F79EFBC}") = "Net.UI.Xamarin.iOS", "Net.UI.Xamarin.iOS\Net.UI.Xamarin.iOS.csproj", "{5DBDC2D8-37FE-4434-A963-F250D59F880C}"
EndProject
Project("{FAE04EC0-301F-11D3-BF4B-00C04F79EFBC}") = "Net.UI.Xamarin.Android", "Net.UI.Xamarin.Android\Net.UI.Xamarin.Android.csproj", "{81FFD72E-B874-490B-BD0A-69B0DF03EC96}"
EndProject
Project("{D954291E-2A0B-460D-934E-DC6B0785DB48}") = "Net.UI.Xamarin.Shared", "Net.UI.Xamarin.Shared\Net.UI.Xamarin.Shared.shproj", "{816E82CB-2EA9-4B85-87B2-97268DE4AE5F}"
EndProject
Global
	GlobalSection(SolutionConfigurationPlatforms) = preSolution
		Debug|Any CPU = Debug|Any CPU
		Debug|arm64 = Debug|arm64
		Debug|x86 = Debug|x86
		Release|Any CPU = Release|Any CPU
		Release|arm64 = Release|arm64
		Release|x86 = Release|x86
	EndGlobalSection
	GlobalSection(ProjectConfigurationPlatforms) = postSolution
		{9824D875-8502-49DA-9216-1B0C3FBDAA75}.Debug|Any CPU.ActiveCfg = Debug|Any CPU
		{9824D875-8502-49DA-9216-1B0C3FBDAA75}.Debug|Any CPU.Build.0 = Debug|Any CPU
		{9824D875-8502-49DA-9216-1B0C3FBDAA75}.Debug|arm64.ActiveCfg = Debug|Any CPU
		{9824D875-8502-49DA-9216-1B0C3FBDAA75}.Debug|arm64.Build.0 = Debug|Any CPU
		{9824D875-8502-49DA-9216-1B0C3FBDAA75}.Debug|x86.ActiveCfg = Debug|Any CPU
		{9824D875-8502-49DA-9216-1B0C3FBDAA75}.Debug|x86.Build.0 = Debug|Any CPU
		{9824D875-8502-49DA-9216-1B0C3FBDAA75}.Release|Any CPU.ActiveCfg = Release|Any CPU
		{9824D875-8502-49DA-9216-1B0C3FBDAA75}.Release|Any CPU.Build.0 = Release|Any CPU
		{9824D875-8502-49DA-9216-1B0C3FBDAA75}.Release|arm64.ActiveCfg = Release|Any CPU
		{9824D875-8502-49DA-9216-1B0C3FBDAA75}.Release|arm64.Build.0 = Release|Any CPU
		{9824D875-8502-49DA-9216-1B0C3FBDAA75}.Release|x86.ActiveCfg = Release|Any CPU
		{9824D875-8502-49DA-9216-1B0C3FBDAA75}.Release|x86.Build.0 = Release|Any CPU
		{7EC2433E-786D-4D04-9763-CA0BCC87098E}.Debug|Any CPU.ActiveCfg = Debug|Any CPU
		{7EC2433E-786D-4D04-9763-CA0BCC87098E}.Debug|Any CPU.Build.0 = Debug|Any CPU
		{7EC2433E-786D-4D04-9763-CA0BCC87098E}.Debug|Any CPU.Deploy.0 = Debug|Any CPU
		{7EC2433E-786D-4D04-9763-CA0BCC87098E}.Debug|arm64.ActiveCfg = Debug|Any CPU
		{7EC2433E-786D-4D04-9763-CA0BCC87098E}.Debug|arm64.Build.0 = Debug|Any CPU
		{7EC2433E-786D-4D04-9763-CA0BCC87098E}.Debug|arm64.Deploy.0 = Debug|Any CPU
		{7EC2433E-786D-4D04-9763-CA0BCC87098E}.Debug|x86.ActiveCfg = Debug|Any CPU
		{7EC2433E-786D-4D04-9763-CA0BCC87098E}.Debug|x86.Build.0 = Debug|Any CPU
		{7EC2433E-786D-4D04-9763-CA0BCC87098E}.Debug|x86.Deploy.0 = Debug|Any CPU
		{7EC2433E-786D-4D04-9763-CA0BCC87098E}.Release|Any CPU.ActiveCfg = Release|Any CPU
		{7EC2433E-786D-4D04-9763-CA0BCC87098E}.Release|Any CPU.Build.0 = Release|Any CPU
		{7EC2433E-786D-4D04-9763-CA0BCC87098E}.Release|Any CPU.Deploy.0 = Release|Any CPU
		{7EC2433E-786D-4D04-9763-CA0BCC87098E}.Release|arm64.ActiveCfg = Release|Any CPU
		{7EC2433E-786D-4D04-9763-CA0BCC87098E}.Release|arm64.Build.0 = Release|Any CPU
		{7EC2433E-786D-4D04-9763-CA0BCC87098E}.Release|arm64.Deploy.0 = Release|Any CPU
		{7EC2433E-786D-4D04-9763-CA0BCC87098E}.Release|x86.ActiveCfg = Release|Any CPU
		{7EC2433E-786D-4D04-9763-CA0BCC87098E}.Release|x86.Build.0 = Release|Any CPU
		{7EC2433E-786D-4D04-9763-CA0BCC87098E}.Release|x86.Deploy.0 = Release|Any CPU
		{885B9A77-FB39-4E72-8B1C-16EB05485D99}.Debug|Any CPU.ActiveCfg = Debug|Any CPU
		{885B9A77-FB39-4E72-8B1C-16EB05485D99}.Debug|Any CPU.Build.0 = Debug|Any CPU
		{885B9A77-FB39-4E72-8B1C-16EB05485D99}.Debug|arm64.ActiveCfg = Debug|Any CPU
		{885B9A77-FB39-4E72-8B1C-16EB05485D99}.Debug|arm64.Build.0 = Debug|Any CPU
		{885B9A77-FB39-4E72-8B1C-16EB05485D99}.Debug|x86.ActiveCfg = Debug|Any CPU
		{885B9A77-FB39-4E72-8B1C-16EB05485D99}.Debug|x86.Build.0 = Debug|Any CPU
		{885B9A77-FB39-4E72-8B1C-16EB05485D99}.Release|Any CPU.ActiveCfg = Release|Any CPU
		{885B9A77-FB39-4E72-8B1C-16EB05485D99}.Release|Any CPU.Build.0 = Release|Any CPU
		{885B9A77-FB39-4E72-8B1C-16EB05485D99}.Release|arm64.ActiveCfg = Release|Any CPU
		{885B9A77-FB39-4E72-8B1C-16EB05485D99}.Release|arm64.Build.0 = Release|Any CPU
		{885B9A77-FB39-4E72-8B1C-16EB05485D99}.Release|x86.ActiveCfg = Release|Any CPU
		{885B9A77-FB39-4E72-8B1C-16EB05485D99}.Release|x86.Build.0 = Release|Any CPU
		{3A876BBB-6483-4D41-A387-2989D9D06237}.Debug|Any CPU.ActiveCfg = Debug|Any CPU
		{3A876BBB-6483-4D41-A387-2989D9D06237}.Debug|Any CPU.Build.0 = Debug|Any CPU
		{3A876BBB-6483-4D41-A387-2989D9D06237}.Debug|arm64.ActiveCfg = Debug|Any CPU
		{3A876BBB-6483-4D41-A387-2989D9D06237}.Debug|arm64.Build.0 = Debug|Any CPU
		{3A876BBB-6483-4D41-A387-2989D9D06237}.Debug|x86.ActiveCfg = Debug|Any CPU
		{3A876BBB-6483-4D41-A387-2989D9D06237}.Debug|x86.Build.0 = Debug|Any CPU
		{3A876BBB-6483-4D41-A387-2989D9D06237}.Release|Any CPU.ActiveCfg = Release|Any CPU
		{3A876BBB-6483-4D41-A387-2989D9D06237}.Release|Any CPU.Build.0 = Release|Any CPU
		{3A876BBB-6483-4D41-A387-2989D9D06237}.Release|arm64.ActiveCfg = Release|Any CPU
		{3A876BBB-6483-4D41-A387-2989D9D06237}.Release|arm64.Build.0 = Release|Any CPU
		{3A876BBB-6483-4D41-A387-2989D9D06237}.Release|x86.ActiveCfg = Release|Any CPU
		{3A876BBB-6483-4D41-A387-2989D9D06237}.Release|x86.Build.0 = Release|Any CPU
		{ED856060-F642-438A-8198-92B898F73645}.Debug|Any CPU.ActiveCfg = Debug|Any CPU
		{ED856060-F642-438A-8198-92B898F73645}.Debug|Any CPU.Build.0 = Debug|Any CPU
		{ED856060-F642-438A-8198-92B898F73645}.Debug|arm64.ActiveCfg = Debug|Any CPU
		{ED856060-F642-438A-8198-92B898F73645}.Debug|arm64.Build.0 = Debug|Any CPU
		{ED856060-F642-438A-8198-92B898F73645}.Debug|x86.ActiveCfg = Debug|Any CPU
		{ED856060-F642-438A-8198-92B898F73645}.Debug|x86.Build.0 = Debug|Any CPU
		{ED856060-F642-438A-8198-92B898F73645}.Release|Any CPU.ActiveCfg = Release|Any CPU
		{ED856060-F642-438A-8198-92B898F73645}.Release|Any CPU.Build.0 = Release|Any CPU
		{ED856060-F642-438A-8198-92B898F73645}.Release|arm64.ActiveCfg = Release|Any CPU
		{ED856060-F642-438A-8198-92B898F73645}.Release|arm64.Build.0 = Release|Any CPU
		{ED856060-F642-438A-8198-92B898F73645}.Release|x86.ActiveCfg = Release|Any CPU
		{ED856060-F642-438A-8198-92B898F73645}.Release|x86.Build.0 = Release|Any CPU
		{09FC1B0E-1889-4827-9B88-0BF756438D65}.Debug|Any CPU.ActiveCfg = Debug|Any CPU
		{09FC1B0E-1889-4827-9B88-0BF756438D65}.Debug|Any CPU.Build.0 = Debug|Any CPU
		{09FC1B0E-1889-4827-9B88-0BF756438D65}.Debug|arm64.ActiveCfg = Debug|Any CPU
		{09FC1B0E-1889-4827-9B88-0BF756438D65}.Debug|arm64.Build.0 = Debug|Any CPU
		{09FC1B0E-1889-4827-9B88-0BF756438D65}.Debug|x86.ActiveCfg = Debug|Any CPU
		{09FC1B0E-1889-4827-9B88-0BF756438D65}.Debug|x86.Build.0 = Debug|Any CPU
		{09FC1B0E-1889-4827-9B88-0BF756438D65}.Release|Any CPU.ActiveCfg = Release|Any CPU
		{09FC1B0E-1889-4827-9B88-0BF756438D65}.Release|Any CPU.Build.0 = Release|Any CPU
		{09FC1B0E-1889-4827-9B88-0BF756438D65}.Release|arm64.ActiveCfg = Release|Any CPU
		{09FC1B0E-1889-4827-9B88-0BF756438D65}.Release|arm64.Build.0 = Release|Any CPU
		{09FC1B0E-1889-4827-9B88-0BF756438D65}.Release|x86.ActiveCfg = Release|Any CPU
		{09FC1B0E-1889-4827-9B88-0BF756438D65}.Release|x86.Build.0 = Release|Any CPU
		{BDBD07E7-23C2-4F5B-B141-DC36B3718956}.Debug|Any CPU.ActiveCfg = Debug|Any CPU
		{BDBD07E7-23C2-4F5B-B141-DC36B3718956}.Debug|Any CPU.Build.0 = Debug|Any CPU
		{BDBD07E7-23C2-4F5B-B141-DC36B3718956}.Debug|arm64.ActiveCfg = Debug|arm64
		{BDBD07E7-23C2-4F5B-B141-DC36B3718956}.Debug|arm64.Build.0 = Debug|arm64
		{BDBD07E7-23C2-4F5B-B141-DC36B3718956}.Debug|x86.ActiveCfg = Debug|x86
		{BDBD07E7-23C2-4F5B-B141-DC36B3718956}.Debug|x86.Build.0 = Debug|x86
		{BDBD07E7-23C2-4F5B-B141-DC36B3718956}.Release|Any CPU.ActiveCfg = Release|Any CPU
		{BDBD07E7-23C2-4F5B-B141-DC36B3718956}.Release|Any CPU.Build.0 = Release|Any CPU
		{BDBD07E7-23C2-4F5B-B141-DC36B3718956}.Release|arm64.ActiveCfg = Release|arm64
		{BDBD07E7-23C2-4F5B-B141-DC36B3718956}.Release|arm64.Build.0 = Release|arm64
		{BDBD07E7-23C2-4F5B-B141-DC36B3718956}.Release|x86.ActiveCfg = Release|x86
		{BDBD07E7-23C2-4F5B-B141-DC36B3718956}.Release|x86.Build.0 = Release|x86
		{AA6DA574-1B23-4EFB-A0FC-76E80DAFDCE6}.Debug|Any CPU.ActiveCfg = Debug|Any CPU
		{AA6DA574-1B23-4EFB-A0FC-76E80DAFDCE6}.Debug|Any CPU.Build.0 = Debug|Any CPU
		{AA6DA574-1B23-4EFB-A0FC-76E80DAFDCE6}.Debug|arm64.ActiveCfg = Debug|Any CPU
		{AA6DA574-1B23-4EFB-A0FC-76E80DAFDCE6}.Debug|arm64.Build.0 = Debug|Any CPU
		{AA6DA574-1B23-4EFB-A0FC-76E80DAFDCE6}.Debug|x86.ActiveCfg = Debug|Any CPU
		{AA6DA574-1B23-4EFB-A0FC-76E80DAFDCE6}.Debug|x86.Build.0 = Debug|Any CPU
		{AA6DA574-1B23-4EFB-A0FC-76E80DAFDCE6}.Release|Any CPU.ActiveCfg = Release|Any CPU
		{AA6DA574-1B23-4EFB-A0FC-76E80DAFDCE6}.Release|Any CPU.Build.0 = Release|Any CPU
		{AA6DA574-1B23-4EFB-A0FC-76E80DAFDCE6}.Release|arm64.ActiveCfg = Release|Any CPU
		{AA6DA574-1B23-4EFB-A0FC-76E80DAFDCE6}.Release|arm64.Build.0 = Release|Any CPU
		{AA6DA574-1B23-4EFB-A0FC-76E80DAFDCE6}.Release|x86.ActiveCfg = Release|Any CPU
		{AA6DA574-1B23-4EFB-A0FC-76E80DAFDCE6}.Release|x86.Build.0 = Release|Any CPU
		{5DBDC2D8-37FE-4434-A963-F250D59F880C}.Debug|Any CPU.ActiveCfg = Debug|Any CPU
		{5DBDC2D8-37FE-4434-A963-F250D59F880C}.Debug|Any CPU.Build.0 = Debug|Any CPU
		{5DBDC2D8-37FE-4434-A963-F250D59F880C}.Debug|arm64.ActiveCfg = Debug|Any CPU
		{5DBDC2D8-37FE-4434-A963-F250D59F880C}.Debug|arm64.Build.0 = Debug|Any CPU
		{5DBDC2D8-37FE-4434-A963-F250D59F880C}.Debug|x86.ActiveCfg = Debug|Any CPU
		{5DBDC2D8-37FE-4434-A963-F250D59F880C}.Debug|x86.Build.0 = Debug|Any CPU
		{5DBDC2D8-37FE-4434-A963-F250D59F880C}.Release|Any CPU.ActiveCfg = Release|Any CPU
		{5DBDC2D8-37FE-4434-A963-F250D59F880C}.Release|Any CPU.Build.0 = Release|Any CPU
		{5DBDC2D8-37FE-4434-A963-F250D59F880C}.Release|arm64.ActiveCfg = Release|Any CPU
		{5DBDC2D8-37FE-4434-A963-F250D59F880C}.Release|arm64.Build.0 = Release|Any CPU
		{5DBDC2D8-37FE-4434-A963-F250D59F880C}.Release|x86.ActiveCfg = Release|Any CPU
		{5DBDC2D8-37FE-4434-A963-F250D59F880C}.Release|x86.Build.0 = Release|Any CPU
		{81FFD72E-B874-490B-BD0A-69B0DF03EC96}.Debug|Any CPU.ActiveCfg = Debug|Any CPU
		{81FFD72E-B874-490B-BD0A-69B0DF03EC96}.Debug|Any CPU.Build.0 = Debug|Any CPU
		{81FFD72E-B874-490B-BD0A-69B0DF03EC96}.Debug|arm64.ActiveCfg = Debug|Any CPU
		{81FFD72E-B874-490B-BD0A-69B0DF03EC96}.Debug|arm64.Build.0 = Debug|Any CPU
		{81FFD72E-B874-490B-BD0A-69B0DF03EC96}.Debug|x86.ActiveCfg = Debug|Any CPU
		{81FFD72E-B874-490B-BD0A-69B0DF03EC96}.Debug|x86.Build.0 = Debug|Any CPU
		{81FFD72E-B874-490B-BD0A-69B0DF03EC96}.Release|Any CPU.ActiveCfg = Release|Any CPU
		{81FFD72E-B874-490B-BD0A-69B0DF03EC96}.Release|Any CPU.Build.0 = Release|Any CPU
		{81FFD72E-B874-490B-BD0A-69B0DF03EC96}.Release|arm64.ActiveCfg = Release|Any CPU
		{81FFD72E-B874-490B-BD0A-69B0DF03EC96}.Release|arm64.Build.0 = Release|Any CPU
		{81FFD72E-B874-490B-BD0A-69B0DF03EC96}.Release|x86.ActiveCfg = Release|Any CPU
		{81FFD72E-B874-490B-BD0A-69B0DF03EC96}.Release|x86.Build.0 = Release|Any CPU
	EndGlobalSection
	GlobalSection(SolutionProperties) = preSolution
		HideSolutionNode = FALSE
	EndGlobalSection
	GlobalSection(NestedProjects) = preSolution
		{7EC2433E-786D-4D04-9763-CA0BCC87098E} = {C60F7CFB-BAC0-46B4-9AF1-C101B776A20F}
		{885B9A77-FB39-4E72-8B1C-16EB05485D99} = {B3368CE7-2172-4399-85F9-678DFCE622C8}
		{3A876BBB-6483-4D41-A387-2989D9D06237} = {B3368CE7-2172-4399-85F9-678DFCE622C8}
		{ED856060-F642-438A-8198-92B898F73645} = {B3368CE7-2172-4399-85F9-678DFCE622C8}
		{09FC1B0E-1889-4827-9B88-0BF756438D65} = {C60F7CFB-BAC0-46B4-9AF1-C101B776A20F}
		{BDBD07E7-23C2-4F5B-B141-DC36B3718956} = {E5F004A1-2D4D-4077-8281-8CD89712E1C7}
		{AA6DA574-1B23-4EFB-A0FC-76E80DAFDCE6} = {864A221B-1C56-4318-B728-038D0B3F8767}
		{5DBDC2D8-37FE-4434-A963-F250D59F880C} = {864A221B-1C56-4318-B728-038D0B3F8767}
		{81FFD72E-B874-490B-BD0A-69B0DF03EC96} = {864A221B-1C56-4318-B728-038D0B3F8767}
		{816E82CB-2EA9-4B85-87B2-97268DE4AE5F} = {864A221B-1C56-4318-B728-038D0B3F8767}
	EndGlobalSection
	GlobalSection(ExtensibilityGlobals) = postSolution
		SolutionGuid = {C16C6516-3C95-4CCC-81A1-D6B0E5E0D8D9}
	EndGlobalSection
	GlobalSection(SharedMSBuildProjectFiles) = preSolution
		Net.UI.Shared\Net.UI.Shared.projitems*{5dbdc2d8-37fe-4434-a963-f250d59f880c}*SharedItemsImports = 4
		Net.UI.Xamarin.Shared\Net.UI.Xamarin.Shared.projitems*{5dbdc2d8-37fe-4434-a963-f250d59f880c}*SharedItemsImports = 4
		Net.UI.Shared\Net.UI.Shared.projitems*{709c7923-bef9-4f09-a555-520efa000414}*SharedItemsImports = 13
		Net.UI.Xamarin.Shared\Net.UI.Xamarin.Shared.projitems*{816e82cb-2ea9-4b85-87b2-97268de4ae5f}*SharedItemsImports = 13
		Net.UI.Shared\Net.UI.Shared.projitems*{81ffd72e-b874-490b-bd0a-69b0df03ec96}*SharedItemsImports = 4
		Net.UI.Xamarin.Shared\Net.UI.Xamarin.Shared.projitems*{81ffd72e-b874-490b-bd0a-69b0df03ec96}*SharedItemsImports = 4
		Net.UI.Shared\Net.UI.Shared.projitems*{9824d875-8502-49da-9216-1b0c3fbdaa75}*SharedItemsImports = 5
		Net.UI.Shared\Net.UI.Shared.projitems*{aa6da574-1b23-4efb-a0fc-76e80dafdce6}*SharedItemsImports = 5
		Net.UI.Xamarin.Shared\Net.UI.Xamarin.Shared.projitems*{aa6da574-1b23-4efb-a0fc-76e80dafdce6}*SharedItemsImports = 5
	EndGlobalSection
EndGlobal
